
Microsoft Visual Studio Solution File, Format Version 12.00
# Visual Studio 15
VisualStudioVersion = 15.0.26228.9
MinimumVisualStudioVersion = 10.0.40219.1
Project("{FAE04EC0-301F-11D3-BF4B-00C04F79EFBC}") = "CrossOver.RIBA.Api", "CrossOver.RIBA.Api\CrossOver.RIBA.Api.csproj", "{2C474E55-B9CF-4341-8450-217B105A602F}"
EndProject
Project("{FAE04EC0-301F-11D3-BF4B-00C04F79EFBC}") = "CrossOver.RIBA.Contracts", "CrossOver.RIBA.Contracts\CrossOver.RIBA.Contracts.csproj", "{44DD0FA1-D955-478A-B271-67CE11CF76CA}"
EndProject
Project("{FAE04EC0-301F-11D3-BF4B-00C04F79EFBC}") = "CrossOver.RIBA.Data", "CrossOver.RIBA.Data\CrossOver.RIBA.Data.csproj", "{AA41EC26-4FF9-4DB9-AB71-119C16D4339F}"
EndProject
Global
	GlobalSection(SolutionConfigurationPlatforms) = preSolution
		Debug|Any CPU = Debug|Any CPU
		Release|Any CPU = Release|Any CPU
	EndGlobalSection
	GlobalSection(ProjectConfigurationPlatforms) = postSolution
		{2C474E55-B9CF-4341-8450-217B105A602F}.Debug|Any CPU.ActiveCfg = Debug|Any CPU
		{2C474E55-B9CF-4341-8450-217B105A602F}.Debug|Any CPU.Build.0 = Debug|Any CPU
		{2C474E55-B9CF-4341-8450-217B105A602F}.Release|Any CPU.ActiveCfg = Release|Any CPU
		{2C474E55-B9CF-4341-8450-217B105A602F}.Release|Any CPU.Build.0 = Release|Any CPU
		{44DD0FA1-D955-478A-B271-67CE11CF76CA}.Debug|Any CPU.ActiveCfg = Debug|Any CPU
		{44DD0FA1-D955-478A-B271-67CE11CF76CA}.Debug|Any CPU.Build.0 = Debug|Any CPU
		{44DD0FA1-D955-478A-B271-67CE11CF76CA}.Release|Any CPU.ActiveCfg = Release|Any CPU
		{44DD0FA1-D955-478A-B271-67CE11CF76CA}.Release|Any CPU.Build.0 = Release|Any CPU
		{AA41EC26-4FF9-4DB9-AB71-119C16D4339F}.Debug|Any CPU.ActiveCfg = Debug|Any CPU
		{AA41EC26-4FF9-4DB9-AB71-119C16D4339F}.Debug|Any CPU.Build.0 = Debug|Any CPU
		{AA41EC26-4FF9-4DB9-AB71-119C16D4339F}.Release|Any CPU.ActiveCfg = Release|Any CPU
		{AA41EC26-4FF9-4DB9-AB71-119C16D4339F}.Release|Any CPU.Build.0 = Release|Any CPU
	EndGlobalSection
	GlobalSection(SolutionProperties) = preSolution
		HideSolutionNode = FALSE
	EndGlobalSection
EndGlobal
